
Microsoft Visual Studio Solution File, Format Version 12.00
# Visual Studio Version 17
VisualStudioVersion = 17.14.36203.30 d17.14
MinimumVisualStudioVersion = 10.0.40219.1
Project("{FAE04EC0-301F-11D3-BF4B-00C04F79EFBC}") = "Actividad4Prog3", "Actividad4Prog3\Actividad4Prog3.csproj", "{114FC474-AD09-4F9F-830D-54179FA169EE}"
EndProject
Global
	GlobalSection(SolutionConfigurationPlatforms) = preSolution
		Debug|Any CPU = Debug|Any CPU
		Release|Any CPU = Release|Any CPU
	EndGlobalSection
	GlobalSection(ProjectConfigurationPlatforms) = postSolution
		{114FC474-AD09-4F9F-830D-54179FA169EE}.Debug|Any CPU.ActiveCfg = Debug|Any CPU
		{114FC474-AD09-4F9F-830D-54179FA169EE}.Debug|Any CPU.Build.0 = Debug|Any CPU
		{114FC474-AD09-4F9F-830D-54179FA169EE}.Release|Any CPU.ActiveCfg = Release|Any CPU
		{114FC474-AD09-4F9F-830D-54179FA169EE}.Release|Any CPU.Build.0 = Release|Any CPU
	EndGlobalSection
	GlobalSection(SolutionProperties) = preSolution
		HideSolutionNode = FALSE
	EndGlobalSection
	GlobalSection(ExtensibilityGlobals) = postSolution
		SolutionGuid = {EE7B7004-2318-4562-B584-50840495A95F}
	EndGlobalSection
EndGlobal
